
Microsoft Visual Studio Solution File, Format Version 12.00
Project("{2150E333-8FDC-42A3-9474-1A3956D46DE8}") = "src", "src", "{3C05B067-F49C-401F-80D2-34DA268CD350}"
EndProject
Project("{2150E333-8FDC-42A3-9474-1A3956D46DE8}") = "API", "API", "{9912F663-3C02-47E4-99E1-8BBE972F967E}"
EndProject
Project("{2150E333-8FDC-42A3-9474-1A3956D46DE8}") = "Core", "Core", "{046F9280-3ACC-4A2A-9E64-99DFE21A171C}"
EndProject
Project("{2150E333-8FDC-42A3-9474-1A3956D46DE8}") = "Infrastructure", "Infrastructure", "{D8A60EEF-B9B4-4284-9C51-89352C4CA9B1}"
EndProject
Project("{2150E333-8FDC-42A3-9474-1A3956D46DE8}") = "UI", "UI", "{86724682-141B-4EC6-B3BE-199060A979B0}"
EndProject
Project("{FAE04EC0-301F-11D3-BF4B-00C04F79EFBC}") = "HR.LeaveManagement.Api", "src\API\HR.LeaveManagement.Api\HR.LeaveManagement.Api.csproj", "{91CC4C7D-667B-4409-BEB4-0D695CD72DC0}"
EndProject
Project("{FAE04EC0-301F-11D3-BF4B-00C04F79EFBC}") = "HR.LeaveManagement.Application", "src\Core\HR.LeaveManagement.Application\HR.LeaveManagement.Application.csproj", "{8A4418B7-9883-461C-AAF6-82B5CE0FE667}"
EndProject
Project("{FAE04EC0-301F-11D3-BF4B-00C04F79EFBC}") = "HR.LeaveManagement.Domain", "src\Core\HR.LeaveManagement.Domain\HR.LeaveManagement.Domain.csproj", "{C1D61617-5FD4-404F-8848-3F0939623F9F}"
EndProject
Project("{FAE04EC0-301F-11D3-BF4B-00C04F79EFBC}") = "HR.LeaveManagement.Identity", "src\Infrastructure\HR.LeaveManagement.Identity\HR.LeaveManagement.Identity.csproj", "{6B833C98-92A6-4B75-B3EE-1B216016813D}"
EndProject
Project("{FAE04EC0-301F-11D3-BF4B-00C04F79EFBC}") = "HR.LeaveManagement.Infrastructure", "src\Infrastructure\HR.LeaveManagement.Infrastructure\HR.LeaveManagement.Infrastructure.csproj", "{66E85608-8855-47BC-B5E5-598C0BF27D50}"
EndProject
Project("{FAE04EC0-301F-11D3-BF4B-00C04F79EFBC}") = "HR.LeaveManagement.Persistence", "src\Infrastructure\HR.LeaveManagement.Persistence\HR.LeaveManagement.Persistence.csproj", "{A0A7F0F7-B744-4024-ADD1-97382E041D65}"
EndProject
Project("{FAE04EC0-301F-11D3-BF4B-00C04F79EFBC}") = "HR.LeaveManagement.MVC", "src\UI\HR.LeaveManagement.MVC\HR.LeaveManagement.MVC.csproj", "{059796B5-7F4D-4087-B72B-D0CEDC5444A6}"
EndProject
Project("{2150E333-8FDC-42A3-9474-1A3956D46DE8}") = "tests", "tests", "{BA145EFE-708C-4323-AEB3-D1F48AB4B3BD}"
EndProject
Project("{FAE04EC0-301F-11D3-BF4B-00C04F79EFBC}") = "HR.LeaveManagement.Application.UnitTests", "tests\HR.LeaveManagement.Application.UnitTests\HR.LeaveManagement.Application.UnitTests.csproj", "{26057893-6C71-437D-B77C-77D1234A405F}"
EndProject
Global
	GlobalSection(SolutionConfigurationPlatforms) = preSolution
		Debug|Any CPU = Debug|Any CPU
		Release|Any CPU = Release|Any CPU
	EndGlobalSection
	GlobalSection(NestedProjects) = preSolution
		{D8A60EEF-B9B4-4284-9C51-89352C4CA9B1} = {3C05B067-F49C-401F-80D2-34DA268CD350}
		{046F9280-3ACC-4A2A-9E64-99DFE21A171C} = {3C05B067-F49C-401F-80D2-34DA268CD350}
		{9912F663-3C02-47E4-99E1-8BBE972F967E} = {3C05B067-F49C-401F-80D2-34DA268CD350}
		{86724682-141B-4EC6-B3BE-199060A979B0} = {3C05B067-F49C-401F-80D2-34DA268CD350}
		{91CC4C7D-667B-4409-BEB4-0D695CD72DC0} = {9912F663-3C02-47E4-99E1-8BBE972F967E}
		{8A4418B7-9883-461C-AAF6-82B5CE0FE667} = {046F9280-3ACC-4A2A-9E64-99DFE21A171C}
		{C1D61617-5FD4-404F-8848-3F0939623F9F} = {046F9280-3ACC-4A2A-9E64-99DFE21A171C}
		{6B833C98-92A6-4B75-B3EE-1B216016813D} = {D8A60EEF-B9B4-4284-9C51-89352C4CA9B1}
		{66E85608-8855-47BC-B5E5-598C0BF27D50} = {D8A60EEF-B9B4-4284-9C51-89352C4CA9B1}
		{A0A7F0F7-B744-4024-ADD1-97382E041D65} = {D8A60EEF-B9B4-4284-9C51-89352C4CA9B1}
		{059796B5-7F4D-4087-B72B-D0CEDC5444A6} = {86724682-141B-4EC6-B3BE-199060A979B0}
		{26057893-6C71-437D-B77C-77D1234A405F} = {BA145EFE-708C-4323-AEB3-D1F48AB4B3BD}
	EndGlobalSection
	GlobalSection(ProjectConfigurationPlatforms) = postSolution
		{91CC4C7D-667B-4409-BEB4-0D695CD72DC0}.Debug|Any CPU.ActiveCfg = Debug|Any CPU
		{91CC4C7D-667B-4409-BEB4-0D695CD72DC0}.Debug|Any CPU.Build.0 = Debug|Any CPU
		{91CC4C7D-667B-4409-BEB4-0D695CD72DC0}.Release|Any CPU.ActiveCfg = Release|Any CPU
		{91CC4C7D-667B-4409-BEB4-0D695CD72DC0}.Release|Any CPU.Build.0 = Release|Any CPU
		{8A4418B7-9883-461C-AAF6-82B5CE0FE667}.Debug|Any CPU.ActiveCfg = Debug|Any CPU
		{8A4418B7-9883-461C-AAF6-82B5CE0FE667}.Debug|Any CPU.Build.0 = Debug|Any CPU
		{8A4418B7-9883-461C-AAF6-82B5CE0FE667}.Release|Any CPU.ActiveCfg = Release|Any CPU
		{8A4418B7-9883-461C-AAF6-82B5CE0FE667}.Release|Any CPU.Build.0 = Release|Any CPU
		{C1D61617-5FD4-404F-8848-3F0939623F9F}.Debug|Any CPU.ActiveCfg = Debug|Any CPU
		{C1D61617-5FD4-404F-8848-3F0939623F9F}.Debug|Any CPU.Build.0 = Debug|Any CPU
		{C1D61617-5FD4-404F-8848-3F0939623F9F}.Release|Any CPU.ActiveCfg = Release|Any CPU
		{C1D61617-5FD4-404F-8848-3F0939623F9F}.Release|Any CPU.Build.0 = Release|Any CPU
		{6B833C98-92A6-4B75-B3EE-1B216016813D}.Debug|Any CPU.ActiveCfg = Debug|Any CPU
		{6B833C98-92A6-4B75-B3EE-1B216016813D}.Debug|Any CPU.Build.0 = Debug|Any CPU
		{6B833C98-92A6-4B75-B3EE-1B216016813D}.Release|Any CPU.ActiveCfg = Release|Any CPU
		{6B833C98-92A6-4B75-B3EE-1B216016813D}.Release|Any CPU.Build.0 = Release|Any CPU
		{66E85608-8855-47BC-B5E5-598C0BF27D50}.Debug|Any CPU.ActiveCfg = Debug|Any CPU
		{66E85608-8855-47BC-B5E5-598C0BF27D50}.Debug|Any CPU.Build.0 = Debug|Any CPU
		{66E85608-8855-47BC-B5E5-598C0BF27D50}.Release|Any CPU.ActiveCfg = Release|Any CPU
		{66E85608-8855-47BC-B5E5-598C0BF27D50}.Release|Any CPU.Build.0 = Release|Any CPU
		{A0A7F0F7-B744-4024-ADD1-97382E041D65}.Debug|Any CPU.ActiveCfg = Debug|Any CPU
		{A0A7F0F7-B744-4024-ADD1-97382E041D65}.Debug|Any CPU.Build.0 = Debug|Any CPU
		{A0A7F0F7-B744-4024-ADD1-97382E041D65}.Release|Any CPU.ActiveCfg = Release|Any CPU
		{A0A7F0F7-B744-4024-ADD1-97382E041D65}.Release|Any CPU.Build.0 = Release|Any CPU
		{059796B5-7F4D-4087-B72B-D0CEDC5444A6}.Debug|Any CPU.ActiveCfg = Debug|Any CPU
		{059796B5-7F4D-4087-B72B-D0CEDC5444A6}.Debug|Any CPU.Build.0 = Debug|Any CPU
		{059796B5-7F4D-4087-B72B-D0CEDC5444A6}.Release|Any CPU.ActiveCfg = Release|Any CPU
		{059796B5-7F4D-4087-B72B-D0CEDC5444A6}.Release|Any CPU.Build.0 = Release|Any CPU
		{26057893-6C71-437D-B77C-77D1234A405F}.Debug|Any CPU.ActiveCfg = Debug|Any CPU
		{26057893-6C71-437D-B77C-77D1234A405F}.Debug|Any CPU.Build.0 = Debug|Any CPU
		{26057893-6C71-437D-B77C-77D1234A405F}.Release|Any CPU.ActiveCfg = Release|Any CPU
		{26057893-6C71-437D-B77C-77D1234A405F}.Release|Any CPU.Build.0 = Release|Any CPU
	EndGlobalSection
EndGlobal
